
Microsoft Visual Studio Solution File, Format Version 12.00
# Visual Studio 14
VisualStudioVersion = 14.0.25420.1
MinimumVisualStudioVersion = 10.0.40219.1
Project("{D954291E-2A0B-460D-934E-DC6B0785DB48}") = "TestCI", "TestCI\TestCI\TestCI.shproj", "{23567C0F-7F44-4B43-92E1-ADD14D5FD670}"
EndProject
Project("{FAE04EC0-301F-11D3-BF4B-00C04F79EFBC}") = "TestCI.Droid", "TestCI\TestCI.Droid\TestCI.Droid.csproj", "{BAFE344A-D644-4D07-A2B1-84F79CECEDEB}"
EndProject
Project("{FAE04EC0-301F-11D3-BF4B-00C04F79EFBC}") = "TestCI.iOS", "TestCI\TestCI.iOS\TestCI.iOS.csproj", "{CDA8A9CD-A17D-4162-BAA8-78BD1894009E}"
EndProject
Project("{FAE04EC0-301F-11D3-BF4B-00C04F79EFBC}") = "TestCI.WinPhone", "TestCI\TestCI.WinPhone\TestCI.WinPhone.csproj", "{25C38ED4-75DC-4A0C-A970-A8524205E0B3}"
EndProject
Project("{FAE04EC0-301F-11D3-BF4B-00C04F79EFBC}") = "TestCI.Windows", "TestCI\TestCI.Windows\TestCI.Windows.csproj", "{E51DEC7D-42BB-451F-B236-9F1C027FA0B6}"
EndProject
Project("{FAE04EC0-301F-11D3-BF4B-00C04F79EFBC}") = "UITestCI", "UITestCI\UITestCI.csproj", "{1B8893F5-ABF9-4E4E-84EC-BD2F1E44D996}"
EndProject
Global
	GlobalSection(SharedMSBuildProjectFiles) = preSolution
		TestCI\TestCI\TestCI.projitems*{23567c0f-7f44-4b43-92e1-add14d5fd670}*SharedItemsImports = 13
		TestCI\TestCI\TestCI.projitems*{bafe344a-d644-4d07-a2b1-84f79cecedeb}*SharedItemsImports = 4
		TestCI\TestCI\TestCI.projitems*{cda8a9cd-a17d-4162-baa8-78bd1894009e}*SharedItemsImports = 4
	EndGlobalSection
	GlobalSection(SolutionConfigurationPlatforms) = preSolution
		Ad-Hoc|Any CPU = Ad-Hoc|Any CPU
		Ad-Hoc|ARM = Ad-Hoc|ARM
		Ad-Hoc|iPhone = Ad-Hoc|iPhone
		Ad-Hoc|iPhoneSimulator = Ad-Hoc|iPhoneSimulator
		Ad-Hoc|x64 = Ad-Hoc|x64
		Ad-Hoc|x86 = Ad-Hoc|x86
		AppStore|Any CPU = AppStore|Any CPU
		AppStore|ARM = AppStore|ARM
		AppStore|iPhone = AppStore|iPhone
		AppStore|iPhoneSimulator = AppStore|iPhoneSimulator
		AppStore|x64 = AppStore|x64
		AppStore|x86 = AppStore|x86
		Debug|Any CPU = Debug|Any CPU
		Debug|ARM = Debug|ARM
		Debug|iPhone = Debug|iPhone
		Debug|iPhoneSimulator = Debug|iPhoneSimulator
		Debug|x64 = Debug|x64
		Debug|x86 = Debug|x86
		Release|Any CPU = Release|Any CPU
		Release|ARM = Release|ARM
		Release|iPhone = Release|iPhone
		Release|iPhoneSimulator = Release|iPhoneSimulator
		Release|x64 = Release|x64
		Release|x86 = Release|x86
	EndGlobalSection
	GlobalSection(ProjectConfigurationPlatforms) = postSolution
		{BAFE344A-D644-4D07-A2B1-84F79CECEDEB}.Ad-Hoc|Any CPU.ActiveCfg = Release|Any CPU
		{BAFE344A-D644-4D07-A2B1-84F79CECEDEB}.Ad-Hoc|Any CPU.Build.0 = Release|Any CPU
		{BAFE344A-D644-4D07-A2B1-84F79CECEDEB}.Ad-Hoc|Any CPU.Deploy.0 = Release|Any CPU
		{BAFE344A-D644-4D07-A2B1-84F79CECEDEB}.Ad-Hoc|ARM.ActiveCfg = Release|Any CPU
		{BAFE344A-D644-4D07-A2B1-84F79CECEDEB}.Ad-Hoc|ARM.Build.0 = Release|Any CPU
		{BAFE344A-D644-4D07-A2B1-84F79CECEDEB}.Ad-Hoc|ARM.Deploy.0 = Release|Any CPU
		{BAFE344A-D644-4D07-A2B1-84F79CECEDEB}.Ad-Hoc|iPhone.ActiveCfg = Release|Any CPU
		{BAFE344A-D644-4D07-A2B1-84F79CECEDEB}.Ad-Hoc|iPhone.Build.0 = Release|Any CPU
		{BAFE344A-D644-4D07-A2B1-84F79CECEDEB}.Ad-Hoc|iPhone.Deploy.0 = Release|Any CPU
		{BAFE344A-D644-4D07-A2B1-84F79CECEDEB}.Ad-Hoc|iPhoneSimulator.ActiveCfg = Release|Any CPU
		{BAFE344A-D644-4D07-A2B1-84F79CECEDEB}.Ad-Hoc|iPhoneSimulator.Build.0 = Release|Any CPU
		{BAFE344A-D644-4D07-A2B1-84F79CECEDEB}.Ad-Hoc|iPhoneSimulator.Deploy.0 = Release|Any CPU
		{BAFE344A-D644-4D07-A2B1-84F79CECEDEB}.Ad-Hoc|x64.ActiveCfg = Release|Any CPU
		{BAFE344A-D644-4D07-A2B1-84F79CECEDEB}.Ad-Hoc|x64.Build.0 = Release|Any CPU
		{BAFE344A-D644-4D07-A2B1-84F79CECEDEB}.Ad-Hoc|x64.Deploy.0 = Release|Any CPU
		{BAFE344A-D644-4D07-A2B1-84F79CECEDEB}.Ad-Hoc|x86.ActiveCfg = Release|Any CPU
		{BAFE344A-D644-4D07-A2B1-84F79CECEDEB}.Ad-Hoc|x86.Build.0 = Release|Any CPU
		{BAFE344A-D644-4D07-A2B1-84F79CECEDEB}.Ad-Hoc|x86.Deploy.0 = Release|Any CPU
		{BAFE344A-D644-4D07-A2B1-84F79CECEDEB}.AppStore|Any CPU.ActiveCfg = Release|Any CPU
		{BAFE344A-D644-4D07-A2B1-84F79CECEDEB}.AppStore|Any CPU.Build.0 = Release|Any CPU
		{BAFE344A-D644-4D07-A2B1-84F79CECEDEB}.AppStore|Any CPU.Deploy.0 = Release|Any CPU
		{BAFE344A-D644-4D07-A2B1-84F79CECEDEB}.AppStore|ARM.ActiveCfg = Release|Any CPU
		{BAFE344A-D644-4D07-A2B1-84F79CECEDEB}.AppStore|ARM.Build.0 = Release|Any CPU
		{BAFE344A-D644-4D07-A2B1-84F79CECEDEB}.AppStore|ARM.Deploy.0 = Release|Any CPU
		{BAFE344A-D644-4D07-A2B1-84F79CECEDEB}.AppStore|iPhone.ActiveCfg = Release|Any CPU
		{BAFE344A-D644-4D07-A2B1-84F79CECEDEB}.AppStore|iPhone.Build.0 = Release|Any CPU
		{BAFE344A-D644-4D07-A2B1-84F79CECEDEB}.AppStore|iPhone.Deploy.0 = Release|Any CPU
		{BAFE344A-D644-4D07-A2B1-84F79CECEDEB}.AppStore|iPhoneSimulator.ActiveCfg = Release|Any CPU
		{BAFE344A-D644-4D07-A2B1-84F79CECEDEB}.AppStore|iPhoneSimulator.Build.0 = Release|Any CPU
		{BAFE344A-D644-4D07-A2B1-84F79CECEDEB}.AppStore|iPhoneSimulator.Deploy.0 = Release|Any CPU
		{BAFE344A-D644-4D07-A2B1-84F79CECEDEB}.AppStore|x64.ActiveCfg = Release|Any CPU
		{BAFE344A-D644-4D07-A2B1-84F79CECEDEB}.AppStore|x64.Build.0 = Release|Any CPU
		{BAFE344A-D644-4D07-A2B1-84F79CECEDEB}.AppStore|x64.Deploy.0 = Release|Any CPU
		{BAFE344A-D644-4D07-A2B1-84F79CECEDEB}.AppStore|x86.ActiveCfg = Release|Any CPU
		{BAFE344A-D644-4D07-A2B1-84F79CECEDEB}.AppStore|x86.Build.0 = Release|Any CPU
		{BAFE344A-D644-4D07-A2B1-84F79CECEDEB}.AppStore|x86.Deploy.0 = Release|Any CPU
		{BAFE344A-D644-4D07-A2B1-84F79CECEDEB}.Debug|Any CPU.ActiveCfg = Debug|Any CPU
		{BAFE344A-D644-4D07-A2B1-84F79CECEDEB}.Debug|Any CPU.Build.0 = Debug|Any CPU
		{BAFE344A-D644-4D07-A2B1-84F79CECEDEB}.Debug|Any CPU.Deploy.0 = Debug|Any CPU
		{BAFE344A-D644-4D07-A2B1-84F79CECEDEB}.Debug|ARM.ActiveCfg = Debug|Any CPU
		{BAFE344A-D644-4D07-A2B1-84F79CECEDEB}.Debug|ARM.Build.0 = Debug|Any CPU
		{BAFE344A-D644-4D07-A2B1-84F79CECEDEB}.Debug|ARM.Deploy.0 = Debug|Any CPU
		{BAFE344A-D644-4D07-A2B1-84F79CECEDEB}.Debug|iPhone.ActiveCfg = Debug|Any CPU
		{BAFE344A-D644-4D07-A2B1-84F79CECEDEB}.Debug|iPhone.Build.0 = Debug|Any CPU
		{BAFE344A-D644-4D07-A2B1-84F79CECEDEB}.Debug|iPhone.Deploy.0 = Debug|Any CPU
		{BAFE344A-D644-4D07-A2B1-84F79CECEDEB}.Debug|iPhoneSimulator.ActiveCfg = Debug|Any CPU
		{BAFE344A-D644-4D07-A2B1-84F79CECEDEB}.Debug|iPhoneSimulator.Build.0 = Debug|Any CPU
		{BAFE344A-D644-4D07-A2B1-84F79CECEDEB}.Debug|iPhoneSimulator.Deploy.0 = Debug|Any CPU
		{BAFE344A-D644-4D07-A2B1-84F79CECEDEB}.Debug|x64.ActiveCfg = Debug|Any CPU
		{BAFE344A-D644-4D07-A2B1-84F79CECEDEB}.Debug|x64.Build.0 = Debug|Any CPU
		{BAFE344A-D644-4D07-A2B1-84F79CECEDEB}.Debug|x64.Deploy.0 = Debug|Any CPU
		{BAFE344A-D644-4D07-A2B1-84F79CECEDEB}.Debug|x86.ActiveCfg = Debug|Any CPU
		{BAFE344A-D644-4D07-A2B1-84F79CECEDEB}.Debug|x86.Build.0 = Debug|Any CPU
		{BAFE344A-D644-4D07-A2B1-84F79CECEDEB}.Debug|x86.Deploy.0 = Debug|Any CPU
		{BAFE344A-D644-4D07-A2B1-84F79CECEDEB}.Release|Any CPU.ActiveCfg = Release|Any CPU
		{BAFE344A-D644-4D07-A2B1-84F79CECEDEB}.Release|Any CPU.Build.0 = Release|Any CPU
		{BAFE344A-D644-4D07-A2B1-84F79CECEDEB}.Release|Any CPU.Deploy.0 = Release|Any CPU
		{BAFE344A-D644-4D07-A2B1-84F79CECEDEB}.Release|ARM.ActiveCfg = Release|Any CPU
		{BAFE344A-D644-4D07-A2B1-84F79CECEDEB}.Release|ARM.Build.0 = Release|Any CPU
		{BAFE344A-D644-4D07-A2B1-84F79CECEDEB}.Release|ARM.Deploy.0 = Release|Any CPU
		{BAFE344A-D644-4D07-A2B1-84F79CECEDEB}.Release|iPhone.ActiveCfg = Release|Any CPU
		{BAFE344A-D644-4D07-A2B1-84F79CECEDEB}.Release|iPhone.Build.0 = Release|Any CPU
		{BAFE344A-D644-4D07-A2B1-84F79CECEDEB}.Release|iPhone.Deploy.0 = Release|Any CPU
		{BAFE344A-D644-4D07-A2B1-84F79CECEDEB}.Release|iPhoneSimulator.ActiveCfg = Release|Any CPU
		{BAFE344A-D644-4D07-A2B1-84F79CECEDEB}.Release|iPhoneSimulator.Build.0 = Release|Any CPU
		{BAFE344A-D644-4D07-A2B1-84F79CECEDEB}.Release|iPhoneSimulator.Deploy.0 = Release|Any CPU
		{BAFE344A-D644-4D07-A2B1-84F79CECEDEB}.Release|x64.ActiveCfg = Release|Any CPU
		{BAFE344A-D644-4D07-A2B1-84F79CECEDEB}.Release|x64.Build.0 = Release|Any CPU
		{BAFE344A-D644-4D07-A2B1-84F79CECEDEB}.Release|x64.Deploy.0 = Release|Any CPU
		{BAFE344A-D644-4D07-A2B1-84F79CECEDEB}.Release|x86.ActiveCfg = Release|Any CPU
		{BAFE344A-D644-4D07-A2B1-84F79CECEDEB}.Release|x86.Build.0 = Release|Any CPU
		{BAFE344A-D644-4D07-A2B1-84F79CECEDEB}.Release|x86.Deploy.0 = Release|Any CPU
		{CDA8A9CD-A17D-4162-BAA8-78BD1894009E}.Ad-Hoc|Any CPU.ActiveCfg = Ad-Hoc|iPhone
		{CDA8A9CD-A17D-4162-BAA8-78BD1894009E}.Ad-Hoc|ARM.ActiveCfg = Ad-Hoc|iPhone
		{CDA8A9CD-A17D-4162-BAA8-78BD1894009E}.Ad-Hoc|iPhone.ActiveCfg = Ad-Hoc|iPhone
		{CDA8A9CD-A17D-4162-BAA8-78BD1894009E}.Ad-Hoc|iPhone.Build.0 = Ad-Hoc|iPhone
		{CDA8A9CD-A17D-4162-BAA8-78BD1894009E}.Ad-Hoc|iPhoneSimulator.ActiveCfg = Ad-Hoc|iPhoneSimulator
		{CDA8A9CD-A17D-4162-BAA8-78BD1894009E}.Ad-Hoc|iPhoneSimulator.Build.0 = Ad-Hoc|iPhoneSimulator
		{CDA8A9CD-A17D-4162-BAA8-78BD1894009E}.Ad-Hoc|x64.ActiveCfg = Ad-Hoc|iPhone
		{CDA8A9CD-A17D-4162-BAA8-78BD1894009E}.Ad-Hoc|x86.ActiveCfg = Ad-Hoc|iPhone
		{CDA8A9CD-A17D-4162-BAA8-78BD1894009E}.AppStore|Any CPU.ActiveCfg = AppStore|iPhone
		{CDA8A9CD-A17D-4162-BAA8-78BD1894009E}.AppStore|ARM.ActiveCfg = AppStore|iPhone
		{CDA8A9CD-A17D-4162-BAA8-78BD1894009E}.AppStore|iPhone.ActiveCfg = AppStore|iPhone
		{CDA8A9CD-A17D-4162-BAA8-78BD1894009E}.AppStore|iPhone.Build.0 = AppStore|iPhone
		{CDA8A9CD-A17D-4162-BAA8-78BD1894009E}.AppStore|iPhoneSimulator.ActiveCfg = AppStore|iPhoneSimulator
		{CDA8A9CD-A17D-4162-BAA8-78BD1894009E}.AppStore|iPhoneSimulator.Build.0 = AppStore|iPhoneSimulator
		{CDA8A9CD-A17D-4162-BAA8-78BD1894009E}.AppStore|x64.ActiveCfg = AppStore|iPhone
		{CDA8A9CD-A17D-4162-BAA8-78BD1894009E}.AppStore|x86.ActiveCfg = AppStore|iPhone
		{CDA8A9CD-A17D-4162-BAA8-78BD1894009E}.Debug|Any CPU.ActiveCfg = Debug|iPhone
		{CDA8A9CD-A17D-4162-BAA8-78BD1894009E}.Debug|ARM.ActiveCfg = Debug|iPhone
		{CDA8A9CD-A17D-4162-BAA8-78BD1894009E}.Debug|iPhone.ActiveCfg = Debug|iPhone
		{CDA8A9CD-A17D-4162-BAA8-78BD1894009E}.Debug|iPhone.Build.0 = Debug|iPhone
		{CDA8A9CD-A17D-4162-BAA8-78BD1894009E}.Debug|iPhoneSimulator.ActiveCfg = Debug|iPhoneSimulator
		{CDA8A9CD-A17D-4162-BAA8-78BD1894009E}.Debug|iPhoneSimulator.Build.0 = Debug|iPhoneSimulator
		{CDA8A9CD-A17D-4162-BAA8-78BD1894009E}.Debug|x64.ActiveCfg = Debug|iPhone
		{CDA8A9CD-A17D-4162-BAA8-78BD1894009E}.Debug|x86.ActiveCfg = Debug|iPhone
		{CDA8A9CD-A17D-4162-BAA8-78BD1894009E}.Release|Any CPU.ActiveCfg = Release|iPhone
		{CDA8A9CD-A17D-4162-BAA8-78BD1894009E}.Release|ARM.ActiveCfg = Release|iPhone
		{CDA8A9CD-A17D-4162-BAA8-78BD1894009E}.Release|iPhone.ActiveCfg = Release|iPhone
		{CDA8A9CD-A17D-4162-BAA8-78BD1894009E}.Release|iPhone.Build.0 = Release|iPhone
		{CDA8A9CD-A17D-4162-BAA8-78BD1894009E}.Release|iPhoneSimulator.ActiveCfg = Release|iPhoneSimulator
		{CDA8A9CD-A17D-4162-BAA8-78BD1894009E}.Release|iPhoneSimulator.Build.0 = Release|iPhoneSimulator
		{CDA8A9CD-A17D-4162-BAA8-78BD1894009E}.Release|x64.ActiveCfg = Release|iPhone
		{CDA8A9CD-A17D-4162-BAA8-78BD1894009E}.Release|x86.ActiveCfg = Release|iPhone
		{25C38ED4-75DC-4A0C-A970-A8524205E0B3}.Ad-Hoc|Any CPU.ActiveCfg = Release|Any CPU
		{25C38ED4-75DC-4A0C-A970-A8524205E0B3}.Ad-Hoc|Any CPU.Build.0 = Release|Any CPU
		{25C38ED4-75DC-4A0C-A970-A8524205E0B3}.Ad-Hoc|Any CPU.Deploy.0 = Release|Any CPU
		{25C38ED4-75DC-4A0C-A970-A8524205E0B3}.Ad-Hoc|ARM.ActiveCfg = Release|ARM
		{25C38ED4-75DC-4A0C-A970-A8524205E0B3}.Ad-Hoc|ARM.Build.0 = Release|ARM
		{25C38ED4-75DC-4A0C-A970-A8524205E0B3}.Ad-Hoc|ARM.Deploy.0 = Release|ARM
		{25C38ED4-75DC-4A0C-A970-A8524205E0B3}.Ad-Hoc|iPhone.ActiveCfg = Release|Any CPU
		{25C38ED4-75DC-4A0C-A970-A8524205E0B3}.Ad-Hoc|iPhone.Build.0 = Release|Any CPU
		{25C38ED4-75DC-4A0C-A970-A8524205E0B3}.Ad-Hoc|iPhone.Deploy.0 = Release|Any CPU
		{25C38ED4-75DC-4A0C-A970-A8524205E0B3}.Ad-Hoc|iPhoneSimulator.ActiveCfg = Release|Any CPU
		{25C38ED4-75DC-4A0C-A970-A8524205E0B3}.Ad-Hoc|iPhoneSimulator.Build.0 = Release|Any CPU
		{25C38ED4-75DC-4A0C-A970-A8524205E0B3}.Ad-Hoc|iPhoneSimulator.Deploy.0 = Release|Any CPU
		{25C38ED4-75DC-4A0C-A970-A8524205E0B3}.Ad-Hoc|x64.ActiveCfg = Release|Any CPU
		{25C38ED4-75DC-4A0C-A970-A8524205E0B3}.Ad-Hoc|x64.Build.0 = Release|Any CPU
		{25C38ED4-75DC-4A0C-A970-A8524205E0B3}.Ad-Hoc|x64.Deploy.0 = Release|Any CPU
		{25C38ED4-75DC-4A0C-A970-A8524205E0B3}.Ad-Hoc|x86.ActiveCfg = Release|x86
		{25C38ED4-75DC-4A0C-A970-A8524205E0B3}.Ad-Hoc|x86.Build.0 = Release|x86
		{25C38ED4-75DC-4A0C-A970-A8524205E0B3}.Ad-Hoc|x86.Deploy.0 = Release|x86
		{25C38ED4-75DC-4A0C-A970-A8524205E0B3}.AppStore|Any CPU.ActiveCfg = Release|Any CPU
		{25C38ED4-75DC-4A0C-A970-A8524205E0B3}.AppStore|Any CPU.Build.0 = Release|Any CPU
		{25C38ED4-75DC-4A0C-A970-A8524205E0B3}.AppStore|Any CPU.Deploy.0 = Release|Any CPU
		{25C38ED4-75DC-4A0C-A970-A8524205E0B3}.AppStore|ARM.ActiveCfg = Release|ARM
		{25C38ED4-75DC-4A0C-A970-A8524205E0B3}.AppStore|ARM.Build.0 = Release|ARM
		{25C38ED4-75DC-4A0C-A970-A8524205E0B3}.AppStore|ARM.Deploy.0 = Release|ARM
		{25C38ED4-75DC-4A0C-A970-A8524205E0B3}.AppStore|iPhone.ActiveCfg = Release|Any CPU
		{25C38ED4-75DC-4A0C-A970-A8524205E0B3}.AppStore|iPhone.Build.0 = Release|Any CPU
		{25C38ED4-75DC-4A0C-A970-A8524205E0B3}.AppStore|iPhone.Deploy.0 = Release|Any CPU
		{25C38ED4-75DC-4A0C-A970-A8524205E0B3}.AppStore|iPhoneSimulator.ActiveCfg = Release|Any CPU
		{25C38ED4-75DC-4A0C-A970-A8524205E0B3}.AppStore|iPhoneSimulator.Build.0 = Release|Any CPU
		{25C38ED4-75DC-4A0C-A970-A8524205E0B3}.AppStore|iPhoneSimulator.Deploy.0 = Release|Any CPU
		{25C38ED4-75DC-4A0C-A970-A8524205E0B3}.AppStore|x64.ActiveCfg = Release|Any CPU
		{25C38ED4-75DC-4A0C-A970-A8524205E0B3}.AppStore|x64.Build.0 = Release|Any CPU
		{25C38ED4-75DC-4A0C-A970-A8524205E0B3}.AppStore|x64.Deploy.0 = Release|Any CPU
		{25C38ED4-75DC-4A0C-A970-A8524205E0B3}.AppStore|x86.ActiveCfg = Release|x86
		{25C38ED4-75DC-4A0C-A970-A8524205E0B3}.AppStore|x86.Build.0 = Release|x86
		{25C38ED4-75DC-4A0C-A970-A8524205E0B3}.AppStore|x86.Deploy.0 = Release|x86
		{25C38ED4-75DC-4A0C-A970-A8524205E0B3}.Debug|Any CPU.ActiveCfg = Debug|Any CPU
		{25C38ED4-75DC-4A0C-A970-A8524205E0B3}.Debug|Any CPU.Build.0 = Debug|Any CPU
		{25C38ED4-75DC-4A0C-A970-A8524205E0B3}.Debug|Any CPU.Deploy.0 = Debug|Any CPU
		{25C38ED4-75DC-4A0C-A970-A8524205E0B3}.Debug|ARM.ActiveCfg = Debug|ARM
		{25C38ED4-75DC-4A0C-A970-A8524205E0B3}.Debug|ARM.Build.0 = Debug|ARM
		{25C38ED4-75DC-4A0C-A970-A8524205E0B3}.Debug|ARM.Deploy.0 = Debug|ARM
		{25C38ED4-75DC-4A0C-A970-A8524205E0B3}.Debug|iPhone.ActiveCfg = Debug|Any CPU
		{25C38ED4-75DC-4A0C-A970-A8524205E0B3}.Debug|iPhone.Build.0 = Debug|Any CPU
		{25C38ED4-75DC-4A0C-A970-A8524205E0B3}.Debug|iPhone.Deploy.0 = Debug|Any CPU
		{25C38ED4-75DC-4A0C-A970-A8524205E0B3}.Debug|iPhoneSimulator.ActiveCfg = Debug|Any CPU
		{25C38ED4-75DC-4A0C-A970-A8524205E0B3}.Debug|iPhoneSimulator.Build.0 = Debug|Any CPU
		{25C38ED4-75DC-4A0C-A970-A8524205E0B3}.Debug|iPhoneSimulator.Deploy.0 = Debug|Any CPU
		{25C38ED4-75DC-4A0C-A970-A8524205E0B3}.Debug|x64.ActiveCfg = Debug|Any CPU
		{25C38ED4-75DC-4A0C-A970-A8524205E0B3}.Debug|x64.Build.0 = Debug|Any CPU
		{25C38ED4-75DC-4A0C-A970-A8524205E0B3}.Debug|x64.Deploy.0 = Debug|Any CPU
		{25C38ED4-75DC-4A0C-A970-A8524205E0B3}.Debug|x86.ActiveCfg = Debug|x86
		{25C38ED4-75DC-4A0C-A970-A8524205E0B3}.Debug|x86.Build.0 = Debug|x86
		{25C38ED4-75DC-4A0C-A970-A8524205E0B3}.Debug|x86.Deploy.0 = Debug|x86
		{25C38ED4-75DC-4A0C-A970-A8524205E0B3}.Release|Any CPU.ActiveCfg = Release|Any CPU
		{25C38ED4-75DC-4A0C-A970-A8524205E0B3}.Release|Any CPU.Build.0 = Release|Any CPU
		{25C38ED4-75DC-4A0C-A970-A8524205E0B3}.Release|Any CPU.Deploy.0 = Release|Any CPU
		{25C38ED4-75DC-4A0C-A970-A8524205E0B3}.Release|ARM.ActiveCfg = Release|ARM
		{25C38ED4-75DC-4A0C-A970-A8524205E0B3}.Release|ARM.Build.0 = Release|ARM
		{25C38ED4-75DC-4A0C-A970-A8524205E0B3}.Release|ARM.Deploy.0 = Release|ARM
		{25C38ED4-75DC-4A0C-A970-A8524205E0B3}.Release|iPhone.ActiveCfg = Release|Any CPU
		{25C38ED4-75DC-4A0C-A970-A8524205E0B3}.Release|iPhone.Build.0 = Release|Any CPU
		{25C38ED4-75DC-4A0C-A970-A8524205E0B3}.Release|iPhone.Deploy.0 = Release|Any CPU
		{25C38ED4-75DC-4A0C-A970-A8524205E0B3}.Release|iPhoneSimulator.ActiveCfg = Release|Any CPU
		{25C38ED4-75DC-4A0C-A970-A8524205E0B3}.Release|iPhoneSimulator.Build.0 = Release|Any CPU
		{25C38ED4-75DC-4A0C-A970-A8524205E0B3}.Release|iPhoneSimulator.Deploy.0 = Release|Any CPU
		{25C38ED4-75DC-4A0C-A970-A8524205E0B3}.Release|x64.ActiveCfg = Release|Any CPU
		{25C38ED4-75DC-4A0C-A970-A8524205E0B3}.Release|x64.Build.0 = Release|Any CPU
		{25C38ED4-75DC-4A0C-A970-A8524205E0B3}.Release|x64.Deploy.0 = Release|Any CPU
		{25C38ED4-75DC-4A0C-A970-A8524205E0B3}.Release|x86.ActiveCfg = Release|x86
		{25C38ED4-75DC-4A0C-A970-A8524205E0B3}.Release|x86.Build.0 = Release|x86
		{25C38ED4-75DC-4A0C-A970-A8524205E0B3}.Release|x86.Deploy.0 = Release|x86
		{E51DEC7D-42BB-451F-B236-9F1C027FA0B6}.Ad-Hoc|Any CPU.ActiveCfg = Release|Any CPU
		{E51DEC7D-42BB-451F-B236-9F1C027FA0B6}.Ad-Hoc|Any CPU.Build.0 = Release|Any CPU
		{E51DEC7D-42BB-451F-B236-9F1C027FA0B6}.Ad-Hoc|Any CPU.Deploy.0 = Release|Any CPU
		{E51DEC7D-42BB-451F-B236-9F1C027FA0B6}.Ad-Hoc|ARM.ActiveCfg = Release|ARM
		{E51DEC7D-42BB-451F-B236-9F1C027FA0B6}.Ad-Hoc|ARM.Build.0 = Release|ARM
		{E51DEC7D-42BB-451F-B236-9F1C027FA0B6}.Ad-Hoc|ARM.Deploy.0 = Release|ARM
		{E51DEC7D-42BB-451F-B236-9F1C027FA0B6}.Ad-Hoc|iPhone.ActiveCfg = Release|Any CPU
		{E51DEC7D-42BB-451F-B236-9F1C027FA0B6}.Ad-Hoc|iPhone.Build.0 = Release|Any CPU
		{E51DEC7D-42BB-451F-B236-9F1C027FA0B6}.Ad-Hoc|iPhone.Deploy.0 = Release|Any CPU
		{E51DEC7D-42BB-451F-B236-9F1C027FA0B6}.Ad-Hoc|iPhoneSimulator.ActiveCfg = Release|Any CPU
		{E51DEC7D-42BB-451F-B236-9F1C027FA0B6}.Ad-Hoc|iPhoneSimulator.Build.0 = Release|Any CPU
		{E51DEC7D-42BB-451F-B236-9F1C027FA0B6}.Ad-Hoc|iPhoneSimulator.Deploy.0 = Release|Any CPU
		{E51DEC7D-42BB-451F-B236-9F1C027FA0B6}.Ad-Hoc|x64.ActiveCfg = Release|x64
		{E51DEC7D-42BB-451F-B236-9F1C027FA0B6}.Ad-Hoc|x64.Build.0 = Release|x64
		{E51DEC7D-42BB-451F-B236-9F1C027FA0B6}.Ad-Hoc|x64.Deploy.0 = Release|x64
		{E51DEC7D-42BB-451F-B236-9F1C027FA0B6}.Ad-Hoc|x86.ActiveCfg = Release|x86
		{E51DEC7D-42BB-451F-B236-9F1C027FA0B6}.Ad-Hoc|x86.Build.0 = Release|x86
		{E51DEC7D-42BB-451F-B236-9F1C027FA0B6}.Ad-Hoc|x86.Deploy.0 = Release|x86
		{E51DEC7D-42BB-451F-B236-9F1C027FA0B6}.AppStore|Any CPU.ActiveCfg = Release|Any CPU
		{E51DEC7D-42BB-451F-B236-9F1C027FA0B6}.AppStore|Any CPU.Build.0 = Release|Any CPU
		{E51DEC7D-42BB-451F-B236-9F1C027FA0B6}.AppStore|Any CPU.Deploy.0 = Release|Any CPU
		{E51DEC7D-42BB-451F-B236-9F1C027FA0B6}.AppStore|ARM.ActiveCfg = Release|ARM
		{E51DEC7D-42BB-451F-B236-9F1C027FA0B6}.AppStore|ARM.Build.0 = Release|ARM
		{E51DEC7D-42BB-451F-B236-9F1C027FA0B6}.AppStore|ARM.Deploy.0 = Release|ARM
		{E51DEC7D-42BB-451F-B236-9F1C027FA0B6}.AppStore|iPhone.ActiveCfg = Release|Any CPU
		{E51DEC7D-42BB-451F-B236-9F1C027FA0B6}.AppStore|iPhone.Build.0 = Release|Any CPU
		{E51DEC7D-42BB-451F-B236-9F1C027FA0B6}.AppStore|iPhone.Deploy.0 = Release|Any CPU
		{E51DEC7D-42BB-451F-B236-9F1C027FA0B6}.AppStore|iPhoneSimulator.ActiveCfg = Release|Any CPU
		{E51DEC7D-42BB-451F-B236-9F1C027FA0B6}.AppStore|iPhoneSimulator.Build.0 = Release|Any CPU
		{E51DEC7D-42BB-451F-B236-9F1C027FA0B6}.AppStore|iPhoneSimulator.Deploy.0 = Release|Any CPU
		{E51DEC7D-42BB-451F-B236-9F1C027FA0B6}.AppStore|x64.ActiveCfg = Release|x64
		{E51DEC7D-42BB-451F-B236-9F1C027FA0B6}.AppStore|x64.Build.0 = Release|x64
		{E51DEC7D-42BB-451F-B236-9F1C027FA0B6}.AppStore|x64.Deploy.0 = Release|x64
		{E51DEC7D-42BB-451F-B236-9F1C027FA0B6}.AppStore|x86.ActiveCfg = Release|x86
		{E51DEC7D-42BB-451F-B236-9F1C027FA0B6}.AppStore|x86.Build.0 = Release|x86
		{E51DEC7D-42BB-451F-B236-9F1C027FA0B6}.AppStore|x86.Deploy.0 = Release|x86
		{E51DEC7D-42BB-451F-B236-9F1C027FA0B6}.Debug|Any CPU.ActiveCfg = Debug|Any CPU
		{E51DEC7D-42BB-451F-B236-9F1C027FA0B6}.Debug|Any CPU.Build.0 = Debug|Any CPU
		{E51DEC7D-42BB-451F-B236-9F1C027FA0B6}.Debug|Any CPU.Deploy.0 = Debug|Any CPU
		{E51DEC7D-42BB-451F-B236-9F1C027FA0B6}.Debug|ARM.ActiveCfg = Debug|ARM
		{E51DEC7D-42BB-451F-B236-9F1C027FA0B6}.Debug|ARM.Build.0 = Debug|ARM
		{E51DEC7D-42BB-451F-B236-9F1C027FA0B6}.Debug|ARM.Deploy.0 = Debug|ARM
		{E51DEC7D-42BB-451F-B236-9F1C027FA0B6}.Debug|iPhone.ActiveCfg = Debug|Any CPU
		{E51DEC7D-42BB-451F-B236-9F1C027FA0B6}.Debug|iPhone.Build.0 = Debug|Any CPU
		{E51DEC7D-42BB-451F-B236-9F1C027FA0B6}.Debug|iPhone.Deploy.0 = Debug|Any CPU
		{E51DEC7D-42BB-451F-B236-9F1C027FA0B6}.Debug|iPhoneSimulator.ActiveCfg = Debug|Any CPU
		{E51DEC7D-42BB-451F-B236-9F1C027FA0B6}.Debug|iPhoneSimulator.Build.0 = Debug|Any CPU
		{E51DEC7D-42BB-451F-B236-9F1C027FA0B6}.Debug|iPhoneSimulator.Deploy.0 = Debug|Any CPU
		{E51DEC7D-42BB-451F-B236-9F1C027FA0B6}.Debug|x64.ActiveCfg = Debug|x64
		{E51DEC7D-42BB-451F-B236-9F1C027FA0B6}.Debug|x64.Build.0 = Debug|x64
		{E51DEC7D-42BB-451F-B236-9F1C027FA0B6}.Debug|x64.Deploy.0 = Debug|x64
		{E51DEC7D-42BB-451F-B236-9F1C027FA0B6}.Debug|x86.ActiveCfg = Debug|x86
		{E51DEC7D-42BB-451F-B236-9F1C027FA0B6}.Debug|x86.Build.0 = Debug|x86
		{E51DEC7D-42BB-451F-B236-9F1C027FA0B6}.Debug|x86.Deploy.0 = Debug|x86
		{E51DEC7D-42BB-451F-B236-9F1C027FA0B6}.Release|Any CPU.ActiveCfg = Release|Any CPU
		{E51DEC7D-42BB-451F-B236-9F1C027FA0B6}.Release|Any CPU.Build.0 = Release|Any CPU
		{E51DEC7D-42BB-451F-B236-9F1C027FA0B6}.Release|Any CPU.Deploy.0 = Release|Any CPU
		{E51DEC7D-42BB-451F-B236-9F1C027FA0B6}.Release|ARM.ActiveCfg = Release|ARM
		{E51DEC7D-42BB-451F-B236-9F1C027FA0B6}.Release|ARM.Build.0 = Release|ARM
		{E51DEC7D-42BB-451F-B236-9F1C027FA0B6}.Release|ARM.Deploy.0 = Release|ARM
		{E51DEC7D-42BB-451F-B236-9F1C027FA0B6}.Release|iPhone.ActiveCfg = Release|Any CPU
		{E51DEC7D-42BB-451F-B236-9F1C027FA0B6}.Release|iPhone.Build.0 = Release|Any CPU
		{E51DEC7D-42BB-451F-B236-9F1C027FA0B6}.Release|iPhone.Deploy.0 = Release|Any CPU
		{E51DEC7D-42BB-451F-B236-9F1C027FA0B6}.Release|iPhoneSimulator.ActiveCfg = Release|Any CPU
		{E51DEC7D-42BB-451F-B236-9F1C027FA0B6}.Release|iPhoneSimulator.Build.0 = Release|Any CPU
		{E51DEC7D-42BB-451F-B236-9F1C027FA0B6}.Release|iPhoneSimulator.Deploy.0 = Release|Any CPU
		{E51DEC7D-42BB-451F-B236-9F1C027FA0B6}.Release|x64.ActiveCfg = Release|x64
		{E51DEC7D-42BB-451F-B236-9F1C027FA0B6}.Release|x64.Build.0 = Release|x64
		{E51DEC7D-42BB-451F-B236-9F1C027FA0B6}.Release|x64.Deploy.0 = Release|x64
		{E51DEC7D-42BB-451F-B236-9F1C027FA0B6}.Release|x86.ActiveCfg = Release|x86
		{E51DEC7D-42BB-451F-B236-9F1C027FA0B6}.Release|x86.Build.0 = Release|x86
		{E51DEC7D-42BB-451F-B236-9F1C027FA0B6}.Release|x86.Deploy.0 = Release|x86
		{1B8893F5-ABF9-4E4E-84EC-BD2F1E44D996}.Ad-Hoc|Any CPU.ActiveCfg = Release|Any CPU
		{1B8893F5-ABF9-4E4E-84EC-BD2F1E44D996}.Ad-Hoc|Any CPU.Build.0 = Release|Any CPU
		{1B8893F5-ABF9-4E4E-84EC-BD2F1E44D996}.Ad-Hoc|ARM.ActiveCfg = Release|Any CPU
		{1B8893F5-ABF9-4E4E-84EC-BD2F1E44D996}.Ad-Hoc|ARM.Build.0 = Release|Any CPU
		{1B8893F5-ABF9-4E4E-84EC-BD2F1E44D996}.Ad-Hoc|iPhone.ActiveCfg = Release|Any CPU
		{1B8893F5-ABF9-4E4E-84EC-BD2F1E44D996}.Ad-Hoc|iPhone.Build.0 = Release|Any CPU
		{1B8893F5-ABF9-4E4E-84EC-BD2F1E44D996}.Ad-Hoc|iPhoneSimulator.ActiveCfg = Release|Any CPU
		{1B8893F5-ABF9-4E4E-84EC-BD2F1E44D996}.Ad-Hoc|iPhoneSimulator.Build.0 = Release|Any CPU
		{1B8893F5-ABF9-4E4E-84EC-BD2F1E44D996}.Ad-Hoc|x64.ActiveCfg = Release|Any CPU
		{1B8893F5-ABF9-4E4E-84EC-BD2F1E44D996}.Ad-Hoc|x64.Build.0 = Release|Any CPU
		{1B8893F5-ABF9-4E4E-84EC-BD2F1E44D996}.Ad-Hoc|x86.ActiveCfg = Release|Any CPU
		{1B8893F5-ABF9-4E4E-84EC-BD2F1E44D996}.Ad-Hoc|x86.Build.0 = Release|Any CPU
		{1B8893F5-ABF9-4E4E-84EC-BD2F1E44D996}.AppStore|Any CPU.ActiveCfg = Release|Any CPU
		{1B8893F5-ABF9-4E4E-84EC-BD2F1E44D996}.AppStore|Any CPU.Build.0 = Release|Any CPU
		{1B8893F5-ABF9-4E4E-84EC-BD2F1E44D996}.AppStore|ARM.ActiveCfg = Release|Any CPU
		{1B8893F5-ABF9-4E4E-84EC-BD2F1E44D996}.AppStore|ARM.Build.0 = Release|Any CPU
		{1B8893F5-ABF9-4E4E-84EC-BD2F1E44D996}.AppStore|iPhone.ActiveCfg = Release|Any CPU
		{1B8893F5-ABF9-4E4E-84EC-BD2F1E44D996}.AppStore|iPhone.Build.0 = Release|Any CPU
		{1B8893F5-ABF9-4E4E-84EC-BD2F1E44D996}.AppStore|iPhoneSimulator.ActiveCfg = Release|Any CPU
		{1B8893F5-ABF9-4E4E-84EC-BD2F1E44D996}.AppStore|iPhoneSimulator.Build.0 = Release|Any CPU
		{1B8893F5-ABF9-4E4E-84EC-BD2F1E44D996}.AppStore|x64.ActiveCfg = Release|Any CPU
		{1B8893F5-ABF9-4E4E-84EC-BD2F1E44D996}.AppStore|x64.Build.0 = Release|Any CPU
		{1B8893F5-ABF9-4E4E-84EC-BD2F1E44D996}.AppStore|x86.ActiveCfg = Release|Any CPU
		{1B8893F5-ABF9-4E4E-84EC-BD2F1E44D996}.AppStore|x86.Build.0 = Release|Any CPU
		{1B8893F5-ABF9-4E4E-84EC-BD2F1E44D996}.Debug|Any CPU.ActiveCfg = Debug|Any CPU
		{1B8893F5-ABF9-4E4E-84EC-BD2F1E44D996}.Debug|Any CPU.Build.0 = Debug|Any CPU
		{1B8893F5-ABF9-4E4E-84EC-BD2F1E44D996}.Debug|ARM.ActiveCfg = Debug|Any CPU
		{1B8893F5-ABF9-4E4E-84EC-BD2F1E44D996}.Debug|ARM.Build.0 = Debug|Any CPU
		{1B8893F5-ABF9-4E4E-84EC-BD2F1E44D996}.Debug|iPhone.ActiveCfg = Debug|Any CPU
		{1B8893F5-ABF9-4E4E-84EC-BD2F1E44D996}.Debug|iPhone.Build.0 = Debug|Any CPU
		{1B8893F5-ABF9-4E4E-84EC-BD2F1E44D996}.Debug|iPhoneSimulator.ActiveCfg = Debug|Any CPU
		{1B8893F5-ABF9-4E4E-84EC-BD2F1E44D996}.Debug|iPhoneSimulator.Build.0 = Debug|Any CPU
		{1B8893F5-ABF9-4E4E-84EC-BD2F1E44D996}.Debug|x64.ActiveCfg = Debug|Any CPU
		{1B8893F5-ABF9-4E4E-84EC-BD2F1E44D996}.Debug|x64.Build.0 = Debug|Any CPU
		{1B8893F5-ABF9-4E4E-84EC-BD2F1E44D996}.Debug|x86.ActiveCfg = Debug|Any CPU
		{1B8893F5-ABF9-4E4E-84EC-BD2F1E44D996}.Debug|x86.Build.0 = Debug|Any CPU
		{1B8893F5-ABF9-4E4E-84EC-BD2F1E44D996}.Release|Any CPU.ActiveCfg = Release|Any CPU
		{1B8893F5-ABF9-4E4E-84EC-BD2F1E44D996}.Release|Any CPU.Build.0 = Release|Any CPU
		{1B8893F5-ABF9-4E4E-84EC-BD2F1E44D996}.Release|ARM.ActiveCfg = Release|Any CPU
		{1B8893F5-ABF9-4E4E-84EC-BD2F1E44D996}.Release|ARM.Build.0 = Release|Any CPU
		{1B8893F5-ABF9-4E4E-84EC-BD2F1E44D996}.Release|iPhone.ActiveCfg = Release|Any CPU
		{1B8893F5-ABF9-4E4E-84EC-BD2F1E44D996}.Release|iPhone.Build.0 = Release|Any CPU
		{1B8893F5-ABF9-4E4E-84EC-BD2F1E44D996}.Release|iPhoneSimulator.ActiveCfg = Release|Any CPU
		{1B8893F5-ABF9-4E4E-84EC-BD2F1E44D996}.Release|iPhoneSimulator.Build.0 = Release|Any CPU
		{1B8893F5-ABF9-4E4E-84EC-BD2F1E44D996}.Release|x64.ActiveCfg = Release|Any CPU
		{1B8893F5-ABF9-4E4E-84EC-BD2F1E44D996}.Release|x64.Build.0 = Release|Any CPU
		{1B8893F5-ABF9-4E4E-84EC-BD2F1E44D996}.Release|x86.ActiveCfg = Release|Any CPU
		{1B8893F5-ABF9-4E4E-84EC-BD2F1E44D996}.Release|x86.Build.0 = Release|Any CPU
	EndGlobalSection
	GlobalSection(SolutionProperties) = preSolution
		HideSolutionNode = FALSE
	EndGlobalSection
EndGlobal
